// !$*UTF8*$!
{
	archiveVersion = 1;
	classes = {
	};
	objectVersion = 50;
	objects = {

/* Begin PBXBuildFile section */
		3787D2CE25F68B5900457A00 /* AppDelegate.swift in Sources */ = {isa = PBXBuildFile; fileRef = 3787D2CD25F68B5900457A00 /* AppDelegate.swift */; };
		3787D2D025F68B5900457A00 /* SceneDelegate.swift in Sources */ = {isa = PBXBuildFile; fileRef = 3787D2CF25F68B5900457A00 /* SceneDelegate.swift */; };
		3787D2D225F68B5900457A00 /* ViewController.swift in Sources */ = {isa = PBXBuildFile; fileRef = 3787D2D125F68B5900457A00 /* ViewController.swift */; };
		3787D2D525F68B5900457A00 /* Main.storyboard in Resources */ = {isa = PBXBuildFile; fileRef = 3787D2D325F68B5900457A00 /* Main.storyboard */; };
		3787D2D725F68B5B00457A00 /* Assets.xcassets in Resources */ = {isa = PBXBuildFile; fileRef = 3787D2D625F68B5B00457A00 /* Assets.xcassets */; };
		3787D2DA25F68B5B00457A00 /* LaunchScreen.storyboard in Resources */ = {isa = PBXBuildFile; fileRef = 3787D2D825F68B5B00457A00 /* LaunchScreen.storyboard */; };
		3787D2E525F68B5C00457A00 /* Wysa_AnimatorTests.swift in Sources */ = {isa = PBXBuildFile; fileRef = 3787D2E425F68B5C00457A00 /* Wysa_AnimatorTests.swift */; };
		3787D2F025F68B5C00457A00 /* Wysa_AnimatorUITests.swift in Sources */ = {isa = PBXBuildFile; fileRef = 3787D2EF25F68B5C00457A00 /* Wysa_AnimatorUITests.swift */; };
/* End PBXBuildFile section */

/* Begin PBXContainerItemProxy section */
		3787D2E125F68B5C00457A00 /* PBXContainerItemProxy */ = {
			isa = PBXContainerItemProxy;
			containerPortal = 3787D2C225F68B5900457A00 /* Project object */;
			proxyType = 1;
			remoteGlobalIDString = 3787D2C925F68B5900457A00;
			remoteInfo = "Wysa Animator";
		};
		3787D2EC25F68B5C00457A00 /* PBXContainerItemProxy */ = {
			isa = PBXContainerItemProxy;
			containerPortal = 3787D2C225F68B5900457A00 /* Project object */;
			proxyType = 1;
			remoteGlobalIDString = 3787D2C925F68B5900457A00;
			remoteInfo = "Wysa Animator";
		};
/* End PBXContainerItemProxy section */

/* Begin PBXFileReference section */
		3787D2CA25F68B5900457A00 /* Wysa Animator.app */ = {isa = PBXFileReference; explicitFileType = wrapper.application; includeInIndex = 0; path = "Wysa Animator.app"; sourceTree = BUILT_PRODUCTS_DIR; };
		3787D2CD25F68B5900457A00 /* AppDelegate.swift */ = {isa = PBXFileReference; lastKnownFileType = sourcecode.swift; path = AppDelegate.swift; sourceTree = "<group>"; };
		3787D2CF25F68B5900457A00 /* SceneDelegate.swift */ = {isa = PBXFileReference; lastKnownFileType = sourcecode.swift; path = SceneDelegate.swift; sourceTree = "<group>"; };
		3787D2D125F68B5900457A00 /* ViewController.swift */ = {isa = PBXFileReference; lastKnownFileType = sourcecode.swift; path = ViewController.swift; sourceTree = "<group>"; };
		3787D2D425F68B5900457A00 /* Base */ = {isa = PBXFileReference; lastKnownFileType = file.storyboard; name = Base; path = Base.lproj/Main.storyboard; sourceTree = "<group>"; };
		3787D2D625F68B5B00457A00 /* Assets.xcassets */ = {isa = PBXFileReference; lastKnownFileType = folder.assetcatalog; path = Assets.xcassets; sourceTree = "<group>"; };
		3787D2D925F68B5B00457A00 /* Base */ = {isa = PBXFileReference; lastKnownFileType = file.storyboard; name = Base; path = Base.lproj/LaunchScreen.storyboard; sourceTree = "<group>"; };
		3787D2DB25F68B5B00457A00 /* Info.plist */ = {isa = PBXFileReference; lastKnownFileType = text.plist.xml; path = Info.plist; sourceTree = "<group>"; };
		3787D2E025F68B5C00457A00 /* Wysa AnimatorTests.xctest */ = {isa = PBXFileReference; explicitFileType = wrapper.cfbundle; includeInIndex = 0; path = "Wysa AnimatorTests.xctest"; sourceTree = BUILT_PRODUCTS_DIR; };
		3787D2E425F68B5C00457A00 /* Wysa_AnimatorTests.swift */ = {isa = PBXFileReference; lastKnownFileType = sourcecode.swift; path = Wysa_AnimatorTests.swift; sourceTree = "<group>"; };
		3787D2E625F68B5C00457A00 /* Info.plist */ = {isa = PBXFileReference; lastKnownFileType = text.plist.xml; path = Info.plist; sourceTree = "<group>"; };
		3787D2EB25F68B5C00457A00 /* Wysa AnimatorUITests.xctest */ = {isa = PBXFileReference; explicitFileType = wrapper.cfbundle; includeInIndex = 0; path = "Wysa AnimatorUITests.xctest"; sourceTree = BUILT_PRODUCTS_DIR; };
		3787D2EF25F68B5C00457A00 /* Wysa_AnimatorUITests.swift */ = {isa = PBXFileReference; lastKnownFileType = sourcecode.swift; path = Wysa_AnimatorUITests.swift; sourceTree = "<group>"; };
		3787D2F125F68B5C00457A00 /* Info.plist */ = {isa = PBXFileReference; lastKnownFileType = text.plist.xml; path = Info.plist; sourceTree = "<group>"; };
/* End PBXFileReference section */

/* Begin PBXFrameworksBuildPhase section */
		3787D2C725F68B5900457A00 /* Frameworks */ = {
			isa = PBXFrameworksBuildPhase;
			buildActionMask = 2147483647;
			files = (
			);
			runOnlyForDeploymentPostprocessing = 0;
		};
		3787D2DD25F68B5C00457A00 /* Frameworks */ = {
			isa = PBXFrameworksBuildPhase;
			buildActionMask = 2147483647;
			files = (
			);
			runOnlyForDeploymentPostprocessing = 0;
		};
		3787D2E825F68B5C00457A00 /* Frameworks */ = {
			isa = PBXFrameworksBuildPhase;
			buildActionMask = 2147483647;
			files = (
			);
			runOnlyForDeploymentPostprocessing = 0;
		};
/* End PBXFrameworksBuildPhase section */

/* Begin PBXGroup section */
		3787D2C125F68B5900457A00 = {
			isa = PBXGroup;
			children = (
				3787D2CC25F68B5900457A00 /* Wysa Animator */,
				3787D2E325F68B5C00457A00 /* Wysa AnimatorTests */,
				3787D2EE25F68B5C00457A00 /* Wysa AnimatorUITests */,
				3787D2CB25F68B5900457A00 /* Products */,
			);
			sourceTree = "<group>";
		};
		3787D2CB25F68B5900457A00 /* Products */ = {
			isa = PBXGroup;
			children = (
				3787D2CA25F68B5900457A00 /* Wysa Animator.app */,
				3787D2E025F68B5C00457A00 /* Wysa AnimatorTests.xctest */,
				3787D2EB25F68B5C00457A00 /* Wysa AnimatorUITests.xctest */,
			);
			name = Products;
			sourceTree = "<group>";
		};
		3787D2CC25F68B5900457A00 /* Wysa Animator */ = {
			isa = PBXGroup;
			children = (
				3787D2CD25F68B5900457A00 /* AppDelegate.swift */,
				3787D2CF25F68B5900457A00 /* SceneDelegate.swift */,
				3787D2D125F68B5900457A00 /* ViewController.swift */,
				3787D2D325F68B5900457A00 /* Main.storyboard */,
				3787D2D625F68B5B00457A00 /* Assets.xcassets */,
				3787D2D825F68B5B00457A00 /* LaunchScreen.storyboard */,
				3787D2DB25F68B5B00457A00 /* Info.plist */,
			);
			path = "Wysa Animator";
			sourceTree = "<group>";
		};
		3787D2E325F68B5C00457A00 /* Wysa AnimatorTests */ = {
			isa = PBXGroup;
			children = (
				3787D2E425F68B5C00457A00 /* Wysa_AnimatorTests.swift */,
				3787D2E625F68B5C00457A00 /* Info.plist */,
			);
			path = "Wysa AnimatorTests";
			sourceTree = "<group>";
		};
		3787D2EE25F68B5C00457A00 /* Wysa AnimatorUITests */ = {
			isa = PBXGroup;
			children = (
				3787D2EF25F68B5C00457A00 /* Wysa_AnimatorUITests.swift */,
				3787D2F125F68B5C00457A00 /* Info.plist */,
			);
			path = "Wysa AnimatorUITests";
			sourceTree = "<group>";
		};
/* End PBXGroup section */

/* Begin PBXNativeTarget section */
		3787D2C925F68B5900457A00 /* Wysa Animator */ = {
			isa = PBXNativeTarget;
			buildConfigurationList = 3787D2F425F68B5C00457A00 /* Build configuration list for PBXNativeTarget "Wysa Animator" */;
			buildPhases = (
				3787D2C625F68B5900457A00 /* Sources */,
				3787D2C725F68B5900457A00 /* Frameworks */,
				3787D2C825F68B5900457A00 /* Resources */,
			);
			buildRules = (
			);
			dependencies = (
			);
			name = "Wysa Animator";
			productName = "Wysa Animator";
			productReference = 3787D2CA25F68B5900457A00 /* Wysa Animator.app */;
			productType = "com.apple.product-type.application";
		};
		3787D2DF25F68B5C00457A00 /* Wysa AnimatorTests */ = {
			isa = PBXNativeTarget;
			buildConfigurationList = 3787D2F725F68B5C00457A00 /* Build configuration list for PBXNativeTarget "Wysa AnimatorTests" */;
			buildPhases = (
				3787D2DC25F68B5C00457A00 /* Sources */,
				3787D2DD25F68B5C00457A00 /* Frameworks */,
				3787D2DE25F68B5C00457A00 /* Resources */,
			);
			buildRules = (
			);
			dependencies = (
				3787D2E225F68B5C00457A00 /* PBXTargetDependency */,
			);
			name = "Wysa AnimatorTests";
			productName = "Wysa AnimatorTests";
			productReference = 3787D2E025F68B5C00457A00 /* Wysa AnimatorTests.xctest */;
			productType = "com.apple.product-type.bundle.unit-test";
		};
		3787D2EA25F68B5C00457A00 /* Wysa AnimatorUITests */ = {
			isa = PBXNativeTarget;
			buildConfigurationList = 3787D2FA25F68B5C00457A00 /* Build configuration list for PBXNativeTarget "Wysa AnimatorUITests" */;
			buildPhases = (
				3787D2E725F68B5C00457A00 /* Sources */,
				3787D2E825F68B5C00457A00 /* Frameworks */,
				3787D2E925F68B5C00457A00 /* Resources */,
			);
			buildRules = (
			);
			dependencies = (
				3787D2ED25F68B5C00457A00 /* PBXTargetDependency */,
			);
			name = "Wysa AnimatorUITests";
			productName = "Wysa AnimatorUITests";
			productReference = 3787D2EB25F68B5C00457A00 /* Wysa AnimatorUITests.xctest */;
			productType = "com.apple.product-type.bundle.ui-testing";
		};
/* End PBXNativeTarget section */

/* Begin PBXProject section */
		3787D2C225F68B5900457A00 /* Project object */ = {
			isa = PBXProject;
			attributes = {
				LastSwiftUpdateCheck = 1240;
				LastUpgradeCheck = 1240;
				TargetAttributes = {
					3787D2C925F68B5900457A00 = {
						CreatedOnToolsVersion = 12.4;
					};
					3787D2DF25F68B5C00457A00 = {
						CreatedOnToolsVersion = 12.4;
						TestTargetID = 3787D2C925F68B5900457A00;
					};
					3787D2EA25F68B5C00457A00 = {
						CreatedOnToolsVersion = 12.4;
						TestTargetID = 3787D2C925F68B5900457A00;
					};
				};
			};
			buildConfigurationList = 3787D2C525F68B5900457A00 /* Build configuration list for PBXProject "Wysa Animator" */;
			compatibilityVersion = "Xcode 9.3";
			developmentRegion = en;
			hasScannedForEncodings = 0;
			knownRegions = (
				en,
				Base,
			);
			mainGroup = 3787D2C125F68B5900457A00;
			productRefGroup = 3787D2CB25F68B5900457A00 /* Products */;
			projectDirPath = "";
			projectRoot = "";
			targets = (
				3787D2C925F68B5900457A00 /* Wysa Animator */,
				3787D2DF25F68B5C00457A00 /* Wysa AnimatorTests */,
				3787D2EA25F68B5C00457A00 /* Wysa AnimatorUITests */,
			);
		};
/* End PBXProject section */

/* Begin PBXResourcesBuildPhase section */
		3787D2C825F68B5900457A00 /* Resources */ = {
			isa = PBXResourcesBuildPhase;
			buildActionMask = 2147483647;
			files = (
				3787D2DA25F68B5B00457A00 /* LaunchScreen.storyboard in Resources */,
				3787D2D725F68B5B00457A00 /* Assets.xcassets in Resources */,
				3787D2D525F68B5900457A00 /* Main.storyboard in Resources */,
			);
			runOnlyForDeploymentPostprocessing = 0;
		};
		3787D2DE25F68B5C00457A00 /* Resources */ = {
			isa = PBXResourcesBuildPhase;
			buildActionMask = 2147483647;
			files = (
			);
			runOnlyForDeploymentPostprocessing = 0;
		};
		3787D2E925F68B5C00457A00 /* Resources */ = {
			isa = PBXResourcesBuildPhase;
			buildActionMask = 2147483647;
			files = (
			);
			runOnlyForDeploymentPostprocessing = 0;
		};
/* End PBXResourcesBuildPhase section */

/* Begin PBXSourcesBuildPhase section */
		3787D2C625F68B5900457A00 /* Sources */ = {
			isa = PBXSourcesBuildPhase;
			buildActionMask = 2147483647;
			files = (
				3787D2D225F68B5900457A00 /* ViewController.swift in Sources */,
				3787D2CE25F68B5900457A00 /* AppDelegate.swift in Sources */,
				3787D2D025F68B5900457A00 /* SceneDelegate.swift in Sources */,
			);
			runOnlyForDeploymentPostprocessing = 0;
		};
		3787D2DC25F68B5C00457A00 /* Sources */ = {
			isa = PBXSourcesBuildPhase;
			buildActionMask = 2147483647;
			files = (
				3787D2E525F68B5C00457A00 /* Wysa_AnimatorTests.swift in Sources */,
			);
			runOnlyForDeploymentPostprocessing = 0;
		};
		3787D2E725F68B5C00457A00 /* Sources */ = {
			isa = PBXSourcesBuildPhase;
			buildActionMask = 2147483647;
			files = (
				3787D2F025F68B5C00457A00 /* Wysa_AnimatorUITests.swift in Sources */,
			);
			runOnlyForDeploymentPostprocessing = 0;
		};
/* End PBXSourcesBuildPhase section */

/* Begin PBXTargetDependency section */
		3787D2E225F68B5C00457A00 /* PBXTargetDependency */ = {
			isa = PBXTargetDependency;
			target = 3787D2C925F68B5900457A00 /* Wysa Animator */;
			targetProxy = 3787D2E125F68B5C00457A00 /* PBXContainerItemProxy */;
		};
		3787D2ED25F68B5C00457A00 /* PBXTargetDependency */ = {
			isa = PBXTargetDependency;
			target = 3787D2C925F68B5900457A00 /* Wysa Animator */;
			targetProxy = 3787D2EC25F68B5C00457A00 /* PBXContainerItemProxy */;
		};
/* End PBXTargetDependency section */

/* Begin PBXVariantGroup section */
		3787D2D325F68B5900457A00 /* Main.storyboard */ = {
			isa = PBXVariantGroup;
			children = (
				3787D2D425F68B5900457A00 /* Base */,
			);
			name = Main.storyboard;
			sourceTree = "<group>";
		};
		3787D2D825F68B5B00457A00 /* LaunchScreen.storyboard */ = {
			isa = PBXVariantGroup;
			children = (
				3787D2D925F68B5B00457A00 /* Base */,
			);
			name = LaunchScreen.storyboard;
			sourceTree = "<group>";
		};
/* End PBXVariantGroup section */

/* Begin XCBuildConfiguration section */
		3787D2F225F68B5C00457A00 /* Debug */ = {
			isa = XCBuildConfiguration;
			buildSettings = {
				ALWAYS_SEARCH_USER_PATHS = NO;
				CLANG_ANALYZER_NONNULL = YES;
				CLANG_ANALYZER_NUMBER_OBJECT_CONVERSION = YES_AGGRESSIVE;
				CLANG_CXX_LANGUAGE_STANDARD = "gnu++14";
				CLANG_CXX_LIBRARY = "libc++";
				CLANG_ENABLE_MODULES = YES;
				CLANG_ENABLE_OBJC_ARC = YES;
				CLANG_ENABLE_OBJC_WEAK = YES;
				CLANG_WARN_BLOCK_CAPTURE_AUTORELEASING = YES;
				CLANG_WARN_BOOL_CONVERSION = YES;
				CLANG_WARN_COMMA = YES;
				CLANG_WARN_CONSTANT_CONVERSION = YES;
				CLANG_WARN_DEPRECATED_OBJC_IMPLEMENTATIONS = YES;
				CLANG_WARN_DIRECT_OBJC_ISA_USAGE = YES_ERROR;
				CLANG_WARN_DOCUMENTATION_COMMENTS = YES;
				CLANG_WARN_EMPTY_BODY = YES;
				CLANG_WARN_ENUM_CONVERSION = YES;
				CLANG_WARN_INFINITE_RECURSION = YES;
				CLANG_WARN_INT_CONVERSION = YES;
				CLANG_WARN_NON_LITERAL_NULL_CONVERSION = YES;
				CLANG_WARN_OBJC_IMPLICIT_RETAIN_SELF = YES;
				CLANG_WARN_OBJC_LITERAL_CONVERSION = YES;
				CLANG_WARN_OBJC_ROOT_CLASS = YES_ERROR;
				CLANG_WARN_QUOTED_INCLUDE_IN_FRAMEWORK_HEADER = YES;
				CLANG_WARN_RANGE_LOOP_ANALYSIS = YES;
				CLANG_WARN_STRICT_PROTOTYPES = YES;
				CLANG_WARN_SUSPICIOUS_MOVE = YES;
				CLANG_WARN_UNGUARDED_AVAILABILITY = YES_AGGRESSIVE;
				CLANG_WARN_UNREACHABLE_CODE = YES;
				CLANG_WARN__DUPLICATE_METHOD_MATCH = YES;
				COPY_PHASE_STRIP = NO;
				DEBUG_INFORMATION_FORMAT = dwarf;
				ENABLE_STRICT_OBJC_MSGSEND = YES;
				ENABLE_TESTABILITY = YES;
				GCC_C_LANGUAGE_STANDARD = gnu11;
				GCC_DYNAMIC_NO_PIC = NO;
				GCC_NO_COMMON_BLOCKS = YES;
				GCC_OPTIMIZATION_LEVEL = 0;
				GCC_PREPROCESSOR_DEFINITIONS = (
					"DEBUG=1",
					"$(inherited)",
				);
				GCC_WARN_64_TO_32_BIT_CONVERSION = YES;
				GCC_WARN_ABOUT_RETURN_TYPE = YES_ERROR;
				GCC_WARN_UNDECLARED_SELECTOR = YES;
				GCC_WARN_UNINITIALIZED_AUTOS = YES_AGGRESSIVE;
				GCC_WARN_UNUSED_FUNCTION = YES;
				GCC_WARN_UNUSED_VARIABLE = YES;
				IPHONEOS_DEPLOYMENT_TARGET = 14.4;
				MTL_ENABLE_DEBUG_INFO = INCLUDE_SOURCE;
				MTL_FAST_MATH = YES;
				ONLY_ACTIVE_ARCH = YES;
				SDKROOT = iphoneos;
				SWIFT_ACTIVE_COMPILATION_CONDITIONS = DEBUG;
				SWIFT_OPTIMIZATION_LEVEL = "-Onone";
			};
			name = Debug;
		};
		3787D2F325F68B5C00457A00 /* Release */ = {
			isa = XCBuildConfiguration;
			buildSettings = {
				ALWAYS_SEARCH_USER_PATHS = NO;
				CLANG_ANALYZER_NONNULL = YES;
				CLANG_ANALYZER_NUMBER_OBJECT_CONVERSION = YES_AGGRESSIVE;
				CLANG_CXX_LANGUAGE_STANDARD = "gnu++14";
				CLANG_CXX_LIBRARY = "libc++";
				CLANG_ENABLE_MODULES = YES;
				CLANG_ENABLE_OBJC_ARC = YES;
				CLANG_ENABLE_OBJC_WEAK = YES;
				CLANG_WARN_BLOCK_CAPTURE_AUTORELEASING = YES;
				CLANG_WARN_BOOL_CONVERSION = YES;
				CLANG_WARN_COMMA = YES;
				CLANG_WARN_CONSTANT_CONVERSION = YES;
				CLANG_WARN_DEPRECATED_OBJC_IMPLEMENTATIONS = YES;
				CLANG_WARN_DIRECT_OBJC_ISA_USAGE = YES_ERROR;
				CLANG_WARN_DOCUMENTATION_COMMENTS = YES;
				CLANG_WARN_EMPTY_BODY = YES;
				CLANG_WARN_ENUM_CONVERSION = YES;
				CLANG_WARN_INFINITE_RECURSION = YES;
				CLANG_WARN_INT_CONVERSION = YES;
				CLANG_WARN_NON_LITERAL_NULL_CONVERSION = YES;
				CLANG_WARN_OBJC_IMPLICIT_RETAIN_SELF = YES;
				CLANG_WARN_OBJC_LITERAL_CONVERSION = YES;
				CLANG_WARN_OBJC_ROOT_CLASS = YES_ERROR;
				CLANG_WARN_QUOTED_INCLUDE_IN_FRAMEWORK_HEADER = YES;
				CLANG_WARN_RANGE_LOOP_ANALYSIS = YES;
				CLANG_WARN_STRICT_PROTOTYPES = YES;
				CLANG_WARN_SUSPICIOUS_MOVE = YES;
				CLANG_WARN_UNGUARDED_AVAILABILITY = YES_AGGRESSIVE;
				CLANG_WARN_UNREACHABLE_CODE = YES;
				CLANG_WARN__DUPLICATE_METHOD_MATCH = YES;
				COPY_PHASE_STRIP = NO;
				DEBUG_INFORMATION_FORMAT = "dwarf-with-dsym";
				ENABLE_NS_ASSERTIONS = NO;
				ENABLE_STRICT_OBJC_MSGSEND = YES;
				GCC_C_LANGUAGE_STANDARD = gnu11;
				GCC_NO_COMMON_BLOCKS = YES;
				GCC_WARN_64_TO_32_BIT_CONVERSION = YES;
				GCC_WARN_ABOUT_RETURN_TYPE = YES_ERROR;
				GCC_WARN_UNDECLARED_SELECTOR = YES;
				GCC_WARN_UNINITIALIZED_AUTOS = YES_AGGRESSIVE;
				GCC_WARN_UNUSED_FUNCTION = YES;
				GCC_WARN_UNUSED_VARIABLE = YES;
				IPHONEOS_DEPLOYMENT_TARGET = 14.4;
				MTL_ENABLE_DEBUG_INFO = NO;
				MTL_FAST_MATH = YES;
				SDKROOT = iphoneos;
				SWIFT_COMPILATION_MODE = wholemodule;
				SWIFT_OPTIMIZATION_LEVEL = "-O";
				VALIDATE_PRODUCT = YES;
			};
			name = Release;
		};
		3787D2F525F68B5C00457A00 /* Debug */ = {
			isa = XCBuildConfiguration;
			buildSettings = {
				ASSETCATALOG_COMPILER_APPICON_NAME = AppIcon;
				ASSETCATALOG_COMPILER_GLOBAL_ACCENT_COLOR_NAME = AccentColor;
				CODE_SIGN_STYLE = Automatic;
				INFOPLIST_FILE = "Wysa Animator/Info.plist";
				LD_RUNPATH_SEARCH_PATHS = (
					"$(inherited)",
					"@executable_path/Frameworks",
				);
				PRODUCT_BUNDLE_IDENTIFIER = "com.wysa.io.Wysa-Animator";
				PRODUCT_NAME = "$(TARGET_NAME)";
				SWIFT_VERSION = 5.0;
				TARGETED_DEVICE_FAMILY = "1,2";
			};
			name = Debug;
		};
		3787D2F625F68B5C00457A00 /* Release */ = {
			isa = XCBuildConfiguration;
			buildSettings = {
				ASSETCATALOG_COMPILER_APPICON_NAME = AppIcon;
				ASSETCATALOG_COMPILER_GLOBAL_ACCENT_COLOR_NAME = AccentColor;
				CODE_SIGN_STYLE = Automatic;
				INFOPLIST_FILE = "Wysa Animator/Info.plist";
				LD_RUNPATH_SEARCH_PATHS = (
					"$(inherited)",
					"@executable_path/Frameworks",
				);
				PRODUCT_BUNDLE_IDENTIFIER = "com.wysa.io.Wysa-Animator";
				PRODUCT_NAME = "$(TARGET_NAME)";
				SWIFT_VERSION = 5.0;
				TARGETED_DEVICE_FAMILY = "1,2";
			};
			name = Release;
		};
		3787D2F825F68B5C00457A00 /* Debug */ = {
			isa = XCBuildConfiguration;
			buildSettings = {
				ALWAYS_EMBED_SWIFT_STANDARD_LIBRARIES = YES;
				BUNDLE_LOADER = "$(TEST_HOST)";
				CODE_SIGN_STYLE = Automatic;
				INFOPLIST_FILE = "Wysa AnimatorTests/Info.plist";
				IPHONEOS_DEPLOYMENT_TARGET = 14.4;
				LD_RUNPATH_SEARCH_PATHS = (
					"$(inherited)",
					"@executable_path/Frameworks",
					"@loader_path/Frameworks",
				);
				PRODUCT_BUNDLE_IDENTIFIER = "com.wysa.io.Wysa-AnimatorTests";
				PRODUCT_NAME = "$(TARGET_NAME)";
				SWIFT_VERSION = 5.0;
				TARGETED_DEVICE_FAMILY = "1,2";
				TEST_HOST = "$(BUILT_PRODUCTS_DIR)/Wysa Animator.app/Wysa Animator";
			};
			name = Debug;
		};
		3787D2F925F68B5C00457A00 /* Release */ = {
			isa = XCBuildConfiguration;
			buildSettings = {
				ALWAYS_EMBED_SWIFT_STANDARD_LIBRARIES = YES;
				BUNDLE_LOADER = "$(TEST_HOST)";
				CODE_SIGN_STYLE = Automatic;
				INFOPLIST_FILE = "Wysa AnimatorTests/Info.plist";
				IPHONEOS_DEPLOYMENT_TARGET = 14.4;
				LD_RUNPATH_SEARCH_PATHS = (
					"$(inherited)",
					"@executable_path/Frameworks",
					"@loader_path/Frameworks",
				);
				PRODUCT_BUNDLE_IDENTIFIER = "com.wysa.io.Wysa-AnimatorTests";
				PRODUCT_NAME = "$(TARGET_NAME)";
				SWIFT_VERSION = 5.0;
				TARGETED_DEVICE_FAMILY = "1,2";
				TEST_HOST = "$(BUILT_PRODUCTS_DIR)/Wysa Animator.app/Wysa Animator";
			};
			name = Release;
		};
		3787D2FB25F68B5C00457A00 /* Debug */ = {
			isa = XCBuildConfiguration;
			buildSettings = {
				ALWAYS_EMBED_SWIFT_STANDARD_LIBRARIES = YES;
				CODE_SIGN_STYLE = Automatic;
				INFOPLIST_FILE = "Wysa AnimatorUITests/Info.plist";
				LD_RUNPATH_SEARCH_PATHS = (
					"$(inherited)",
					"@executable_path/Frameworks",
					"@loader_path/Frameworks",
				);
				PRODUCT_BUNDLE_IDENTIFIER = "com.wysa.io.Wysa-AnimatorUITests";
				PRODUCT_NAME = "$(TARGET_NAME)";
				SWIFT_VERSION = 5.0;
				TARGETED_DEVICE_FAMILY = "1,2";
				TEST_TARGET_NAME = "Wysa Animator";
			};
			name = Debug;
		};
		3787D2FC25F68B5C00457A00 /* Release */ = {
			isa = XCBuildConfiguration;
			buildSettings = {
				ALWAYS_EMBED_SWIFT_STANDARD_LIBRARIES = YES;
				CODE_SIGN_STYLE = Automatic;
				INFOPLIST_FILE = "Wysa AnimatorUITests/Info.plist";
				LD_RUNPATH_SEARCH_PATHS = (
					"$(inherited)",
					"@executable_path/Frameworks",
					"@loader_path/Frameworks",
				);
				PRODUCT_BUNDLE_IDENTIFIER = "com.wysa.io.Wysa-AnimatorUITests";
				PRODUCT_NAME = "$(TARGET_NAME)";
				SWIFT_VERSION = 5.0;
				TARGETED_DEVICE_FAMILY = "1,2";
				TEST_TARGET_NAME = "Wysa Animator";
			};
			name = Release;
		};
/* End XCBuildConfiguration section */

/* Begin XCConfigurationList section */
		3787D2C525F68B5900457A00 /* Build configuration list for PBXProject "Wysa Animator" */ = {
			isa = XCConfigurationList;
			buildConfigurations = (
				3787D2F225F68B5C00457A00 /* Debug */,
				3787D2F325F68B5C00457A00 /* Release */,
			);
			defaultConfigurationIsVisible = 0;
			defaultConfigurationName = Release;
		};
		3787D2F425F68B5C00457A00 /* Build configuration list for PBXNativeTarget "Wysa Animator" */ = {
			isa = XCConfigurationList;
			buildConfigurations = (
				3787D2F525F68B5C00457A00 /* Debug */,
				3787D2F625F68B5C00457A00 /* Release */,
			);
			defaultConfigurationIsVisible = 0;
			defaultConfigurationName = Release;
		};
		3787D2F725F68B5C00457A00 /* Build configuration list for PBXNativeTarget "Wysa AnimatorTests" */ = {
			isa = XCConfigurationList;
			buildConfigurations = (
				3787D2F825F68B5C00457A00 /* Debug */,
				3787D2F925F68B5C00457A00 /* Release */,
			);
			defaultConfigurationIsVisible = 0;
			defaultConfigurationName = Release;
		};
		3787D2FA25F68B5C00457A00 /* Build configuration list for PBXNativeTarget "Wysa AnimatorUITests" */ = {
			isa = XCConfigurationList;
			buildConfigurations = (
				3787D2FB25F68B5C00457A00 /* Debug */,
				3787D2FC25F68B5C00457A00 /* Release */,
			);
			defaultConfigurationIsVisible = 0;
			defaultConfigurationName = Release;
		};
/* End XCConfigurationList section */
	};
	rootObject = 3787D2C225F68B5900457A00 /* Project object */;
}
